
Microsoft Visual Studio Solution File, Format Version 12.00
# Visual Studio Version 17
VisualStudioVersion = 17.2.32526.322
MinimumVisualStudioVersion = 10.0.40219.1
Project("{8BC9CEB8-8B4A-11D0-8D11-00A0C91BC942}") = "CudaProject", "CudaProject.vcxproj", "{9BAC099D-159D-41F5-A584-73011DF538F8}"
EndProject
Global
	GlobalSection(SolutionConfigurationPlatforms) = preSolution
		Debug|x64 = Debug|x64
		Release|x64 = Release|x64
	EndGlobalSection
	GlobalSection(ProjectConfigurationPlatforms) = postSolution
		{9BAC099D-159D-41F5-A584-73011DF538F8}.Debug|x64.ActiveCfg = Debug|x64
		{9BAC099D-159D-41F5-A584-73011DF538F8}.Debug|x64.Build.0 = Debug|x64
		{9BAC099D-159D-41F5-A584-73011DF538F8}.Release|x64.ActiveCfg = Release|x64
		{9BAC099D-159D-41F5-A584-73011DF538F8}.Release|x64.Build.0 = Release|x64
	EndGlobalSection
	GlobalSection(SolutionProperties) = preSolution
		HideSolutionNode = FALSE
	EndGlobalSection
	GlobalSection(ExtensibilityGlobals) = postSolution
		SolutionGuid = {6F4F7620-B61E-48BE-A5B1-F35E6EE2FAAD}
	EndGlobalSection
EndGlobal
